
Microsoft Visual Studio Solution File, Format Version 12.00
# Visual Studio Version 16
VisualStudioVersion = 16.0.30621.155
MinimumVisualStudioVersion = 10.0.40219.1
Project("{FAE04EC0-301F-11D3-BF4B-00C04F79EFBC}") = "RentHouseProject", "RentHouseProject\RentHouseProject.csproj", "{306330F8-64C8-4D6F-B3DA-8105F8FDB971}"
EndProject
Global
	GlobalSection(SolutionConfigurationPlatforms) = preSolution
		Debug|Any CPU = Debug|Any CPU
		Release|Any CPU = Release|Any CPU
	EndGlobalSection
	GlobalSection(ProjectConfigurationPlatforms) = postSolution
		{306330F8-64C8-4D6F-B3DA-8105F8FDB971}.Debug|Any CPU.ActiveCfg = Debug|Any CPU
		{306330F8-64C8-4D6F-B3DA-8105F8FDB971}.Debug|Any CPU.Build.0 = Debug|Any CPU
		{306330F8-64C8-4D6F-B3DA-8105F8FDB971}.Release|Any CPU.ActiveCfg = Release|Any CPU
		{306330F8-64C8-4D6F-B3DA-8105F8FDB971}.Release|Any CPU.Build.0 = Release|Any CPU
	EndGlobalSection
	GlobalSection(SolutionProperties) = preSolution
		HideSolutionNode = FALSE
	EndGlobalSection
	GlobalSection(ExtensibilityGlobals) = postSolution
		SolutionGuid = {D7629775-18DA-456A-8F3A-5FF4310C2489}
	EndGlobalSection
EndGlobal
